
Microsoft Visual Studio Solution File, Format Version 12.00
# Visual Studio 15
VisualStudioVersion = 15.0.28307.168
MinimumVisualStudioVersion = 10.0.40219.1
Project("{FAE04EC0-301F-11D3-BF4B-00C04F79EFBC}") = "YTAH_COMMUNITY", "YTAH_COMMUNITY\YTAH_COMMUNITY.csproj", "{FF509E06-5329-48D2-B2C0-24216E24F71C}"
EndProject
Global
	GlobalSection(SolutionConfigurationPlatforms) = preSolution
		Debug|Any CPU = Debug|Any CPU
		Release|Any CPU = Release|Any CPU
	EndGlobalSection
	GlobalSection(ProjectConfigurationPlatforms) = postSolution
		{FF509E06-5329-48D2-B2C0-24216E24F71C}.Debug|Any CPU.ActiveCfg = Debug|Any CPU
		{FF509E06-5329-48D2-B2C0-24216E24F71C}.Debug|Any CPU.Build.0 = Debug|Any CPU
		{FF509E06-5329-48D2-B2C0-24216E24F71C}.Release|Any CPU.ActiveCfg = Release|Any CPU
		{FF509E06-5329-48D2-B2C0-24216E24F71C}.Release|Any CPU.Build.0 = Release|Any CPU
	EndGlobalSection
	GlobalSection(SolutionProperties) = preSolution
		HideSolutionNode = FALSE
	EndGlobalSection
	GlobalSection(ExtensibilityGlobals) = postSolution
		SolutionGuid = {EA541F5A-A18F-4229-AB46-CCA9EB3B7E10}
	EndGlobalSection
EndGlobal
