
Microsoft Visual Studio Solution File, Format Version 12.00
# Visual Studio 15
VisualStudioVersion = 15.0.28010.2003
MinimumVisualStudioVersion = 10.0.40219.1
Project("{FAE04EC0-301F-11D3-BF4B-00C04F79EFBC}") = "QGF_Administration", "QGF_Administration\QGF_Administration.csproj", "{75318A31-1414-4477-BBA6-5AA644D6D638}"
EndProject
Global
	GlobalSection(SolutionConfigurationPlatforms) = preSolution
		Debug|Any CPU = Debug|Any CPU
		Release|Any CPU = Release|Any CPU
	EndGlobalSection
	GlobalSection(ProjectConfigurationPlatforms) = postSolution
		{75318A31-1414-4477-BBA6-5AA644D6D638}.Debug|Any CPU.ActiveCfg = Debug|Any CPU
		{75318A31-1414-4477-BBA6-5AA644D6D638}.Debug|Any CPU.Build.0 = Debug|Any CPU
		{75318A31-1414-4477-BBA6-5AA644D6D638}.Release|Any CPU.ActiveCfg = Release|Any CPU
		{75318A31-1414-4477-BBA6-5AA644D6D638}.Release|Any CPU.Build.0 = Release|Any CPU
	EndGlobalSection
	GlobalSection(SolutionProperties) = preSolution
		HideSolutionNode = FALSE
	EndGlobalSection
	GlobalSection(ExtensibilityGlobals) = postSolution
		SolutionGuid = {EF582F8E-1549-4501-AD20-9AFA2F746571}
	EndGlobalSection
EndGlobal
